// !$*UTF8*$!
{
	archiveVersion = 1;
	classes = {
	};
	objectVersion = 46;
	objects = {

/* Begin PBXBuildFile section */
		440EF2401B0B4125007BE102 /* main.m in Sources */ = {isa = PBXBuildFile; fileRef = 440EF23F1B0B4125007BE102 /* main.m */; };
		440EF2431B0B4125007BE102 /* AppDelegate.m in Sources */ = {isa = PBXBuildFile; fileRef = 440EF2421B0B4125007BE102 /* AppDelegate.m */; };
		440EF2461B0B4125007BE102 /* ViewController.m in Sources */ = {isa = PBXBuildFile; fileRef = 440EF2451B0B4125007BE102 /* ViewController.m */; };
		440EF2491B0B4125007BE102 /* Main.storyboard in Resources */ = {isa = PBXBuildFile; fileRef = 440EF2471B0B4125007BE102 /* Main.storyboard */; };
		440EF24B1B0B4125007BE102 /* Images.xcassets in Resources */ = {isa = PBXBuildFile; fileRef = 440EF24A1B0B4125007BE102 /* Images.xcassets */; };
		440EF24E1B0B4125007BE102 /* LaunchScreen.xib in Resources */ = {isa = PBXBuildFile; fileRef = 440EF24C1B0B4125007BE102 /* LaunchScreen.xib */; };
		440EF25A1B0B4125007BE102 /* PsychoLayoutTests.m in Sources */ = {isa = PBXBuildFile; fileRef = 440EF2591B0B4125007BE102 /* PsychoLayoutTests.m */; };
		440EF2641B0B419A007BE102 /* 1.jpg in Resources */ = {isa = PBXBuildFile; fileRef = 440EF2631B0B419A007BE102 /* 1.jpg */; };
		440EF2661B0B41A5007BE102 /* 2.jpg in Resources */ = {isa = PBXBuildFile; fileRef = 440EF2651B0B41A5007BE102 /* 2.jpg */; };
/* End PBXBuildFile section */

/* Begin PBXContainerItemProxy section */
		440EF2541B0B4125007BE102 /* PBXContainerItemProxy */ = {
			isa = PBXContainerItemProxy;
			containerPortal = 440EF2321B0B4125007BE102 /* Project object */;
			proxyType = 1;
			remoteGlobalIDString = 440EF2391B0B4125007BE102;
			remoteInfo = PsychoLayout;
		};
/* End PBXContainerItemProxy section */

/* Begin PBXFileReference section */
		440EF23A1B0B4125007BE102 /* PsychoLayout.app */ = {isa = PBXFileReference; explicitFileType = wrapper.application; includeInIndex = 0; path = PsychoLayout.app; sourceTree = BUILT_PRODUCTS_DIR; };
		440EF23E1B0B4125007BE102 /* Info.plist */ = {isa = PBXFileReference; lastKnownFileType = text.plist.xml; path = Info.plist; sourceTree = "<group>"; };
		440EF23F1B0B4125007BE102 /* main.m */ = {isa = PBXFileReference; lastKnownFileType = sourcecode.c.objc; path = main.m; sourceTree = "<group>"; };
		440EF2411B0B4125007BE102 /* AppDelegate.h */ = {isa = PBXFileReference; lastKnownFileType = sourcecode.c.h; path = AppDelegate.h; sourceTree = "<group>"; };
		440EF2421B0B4125007BE102 /* AppDelegate.m */ = {isa = PBXFileReference; lastKnownFileType = sourcecode.c.objc; path = AppDelegate.m; sourceTree = "<group>"; };
		440EF2441B0B4125007BE102 /* ViewController.h */ = {isa = PBXFileReference; lastKnownFileType = sourcecode.c.h; path = ViewController.h; sourceTree = "<group>"; };
		440EF2451B0B4125007BE102 /* ViewController.m */ = {isa = PBXFileReference; lastKnownFileType = sourcecode.c.objc; path = ViewController.m; sourceTree = "<group>"; };
		440EF2481B0B4125007BE102 /* Base */ = {isa = PBXFileReference; lastKnownFileType = file.storyboard; name = Base; path = Base.lproj/Main.storyboard; sourceTree = "<group>"; };
		440EF24A1B0B4125007BE102 /* Images.xcassets */ = {isa = PBXFileReference; lastKnownFileType = folder.assetcatalog; path = Images.xcassets; sourceTree = "<group>"; };
		440EF24D1B0B4125007BE102 /* Base */ = {isa = PBXFileReference; lastKnownFileType = file.xib; name = Base; path = Base.lproj/LaunchScreen.xib; sourceTree = "<group>"; };
		440EF2531B0B4125007BE102 /* PsychoLayoutTests.xctest */ = {isa = PBXFileReference; explicitFileType = wrapper.cfbundle; includeInIndex = 0; path = PsychoLayoutTests.xctest; sourceTree = BUILT_PRODUCTS_DIR; };
		440EF2581B0B4125007BE102 /* Info.plist */ = {isa = PBXFileReference; lastKnownFileType = text.plist.xml; path = Info.plist; sourceTree = "<group>"; };
		440EF2591B0B4125007BE102 /* PsychoLayoutTests.m */ = {isa = PBXFileReference; lastKnownFileType = sourcecode.c.objc; path = PsychoLayoutTests.m; sourceTree = "<group>"; };
		440EF2631B0B419A007BE102 /* 1.jpg */ = {isa = PBXFileReference; lastKnownFileType = image.jpeg; path = 1.jpg; sourceTree = "<group>"; };
		440EF2651B0B41A5007BE102 /* 2.jpg */ = {isa = PBXFileReference; lastKnownFileType = image.jpeg; path = 2.jpg; sourceTree = "<group>"; };
/* End PBXFileReference section */

/* Begin PBXFrameworksBuildPhase section */
		440EF2371B0B4125007BE102 /* Frameworks */ = {
			isa = PBXFrameworksBuildPhase;
			buildActionMask = 2147483647;
			files = (
			);
			runOnlyForDeploymentPostprocessing = 0;
		};
		440EF2501B0B4125007BE102 /* Frameworks */ = {
			isa = PBXFrameworksBuildPhase;
			buildActionMask = 2147483647;
			files = (
			);
			runOnlyForDeploymentPostprocessing = 0;
		};
/* End PBXFrameworksBuildPhase section */

/* Begin PBXGroup section */
		440EF2311B0B4125007BE102 = {
			isa = PBXGroup;
			children = (
				440EF23C1B0B4125007BE102 /* PsychoLayout */,
				440EF2561B0B4125007BE102 /* PsychoLayoutTests */,
				440EF23B1B0B4125007BE102 /* Products */,
			);
			sourceTree = "<group>";
		};
		440EF23B1B0B4125007BE102 /* Products */ = {
			isa = PBXGroup;
			children = (
				440EF23A1B0B4125007BE102 /* PsychoLayout.app */,
				440EF2531B0B4125007BE102 /* PsychoLayoutTests.xctest */,
			);
			name = Products;
			sourceTree = "<group>";
		};
		440EF23C1B0B4125007BE102 /* PsychoLayout */ = {
			isa = PBXGroup;
			children = (
				440EF2411B0B4125007BE102 /* AppDelegate.h */,
				440EF2421B0B4125007BE102 /* AppDelegate.m */,
				440EF2631B0B419A007BE102 /* 1.jpg */,
				440EF2651B0B41A5007BE102 /* 2.jpg */,
				440EF2441B0B4125007BE102 /* ViewController.h */,
				440EF2451B0B4125007BE102 /* ViewController.m */,
				440EF2471B0B4125007BE102 /* Main.storyboard */,
				440EF24A1B0B4125007BE102 /* Images.xcassets */,
				440EF24C1B0B4125007BE102 /* LaunchScreen.xib */,
				440EF23D1B0B4125007BE102 /* Supporting Files */,
			);
			path = PsychoLayout;
			sourceTree = "<group>";
		};
		440EF23D1B0B4125007BE102 /* Supporting Files */ = {
			isa = PBXGroup;
			children = (
				440EF23E1B0B4125007BE102 /* Info.plist */,
				440EF23F1B0B4125007BE102 /* main.m */,
			);
			name = "Supporting Files";
			sourceTree = "<group>";
		};
		440EF2561B0B4125007BE102 /* PsychoLayoutTests */ = {
			isa = PBXGroup;
			children = (
				440EF2591B0B4125007BE102 /* PsychoLayoutTests.m */,
				440EF2571B0B4125007BE102 /* Supporting Files */,
			);
			path = PsychoLayoutTests;
			sourceTree = "<group>";
		};
		440EF2571B0B4125007BE102 /* Supporting Files */ = {
			isa = PBXGroup;
			children = (
				440EF2581B0B4125007BE102 /* Info.plist */,
			);
			name = "Supporting Files";
			sourceTree = "<group>";
		};
/* End PBXGroup section */

/* Begin PBXNativeTarget section */
		440EF2391B0B4125007BE102 /* PsychoLayout */ = {
			isa = PBXNativeTarget;
			buildConfigurationList = 440EF25D1B0B4125007BE102 /* Build configuration list for PBXNativeTarget "PsychoLayout" */;
			buildPhases = (
				440EF2361B0B4125007BE102 /* Sources */,
				440EF2371B0B4125007BE102 /* Frameworks */,
				440EF2381B0B4125007BE102 /* Resources */,
			);
			buildRules = (
			);
			dependencies = (
			);
			name = PsychoLayout;
			productName = PsychoLayout;
			productReference = 440EF23A1B0B4125007BE102 /* PsychoLayout.app */;
			productType = "com.apple.product-type.application";
		};
		440EF2521B0B4125007BE102 /* PsychoLayoutTests */ = {
			isa = PBXNativeTarget;
			buildConfigurationList = 440EF2601B0B4125007BE102 /* Build configuration list for PBXNativeTarget "PsychoLayoutTests" */;
			buildPhases = (
				440EF24F1B0B4125007BE102 /* Sources */,
				440EF2501B0B4125007BE102 /* Frameworks */,
				440EF2511B0B4125007BE102 /* Resources */,
			);
			buildRules = (
			);
			dependencies = (
				440EF2551B0B4125007BE102 /* PBXTargetDependency */,
			);
			name = PsychoLayoutTests;
			productName = PsychoLayoutTests;
			productReference = 440EF2531B0B4125007BE102 /* PsychoLayoutTests.xctest */;
			productType = "com.apple.product-type.bundle.unit-test";
		};
/* End PBXNativeTarget section */

/* Begin PBXProject section */
		440EF2321B0B4125007BE102 /* Project object */ = {
			isa = PBXProject;
			attributes = {
				LastUpgradeCheck = 0630;
				ORGANIZATIONNAME = anand;
				TargetAttributes = {
					440EF2391B0B4125007BE102 = {
						CreatedOnToolsVersion = 6.3.1;
					};
					440EF2521B0B4125007BE102 = {
						CreatedOnToolsVersion = 6.3.1;
						TestTargetID = 440EF2391B0B4125007BE102;
					};
				};
			};
			buildConfigurationList = 440EF2351B0B4125007BE102 /* Build configuration list for PBXProject "PsychoLayout" */;
			compatibilityVersion = "Xcode 3.2";
			developmentRegion = English;
			hasScannedForEncodings = 0;
			knownRegions = (
				en,
				Base,
			);
			mainGroup = 440EF2311B0B4125007BE102;
			productRefGroup = 440EF23B1B0B4125007BE102 /* Products */;
			projectDirPath = "";
			projectRoot = "";
			targets = (
				440EF2391B0B4125007BE102 /* PsychoLayout */,
				440EF2521B0B4125007BE102 /* PsychoLayoutTests */,
			);
		};
/* End PBXProject section */

/* Begin PBXResourcesBuildPhase section */
		440EF2381B0B4125007BE102 /* Resources */ = {
			isa = PBXResourcesBuildPhase;
			buildActionMask = 2147483647;
			files = (
				440EF2491B0B4125007BE102 /* Main.storyboard in Resources */,
				440EF2641B0B419A007BE102 /* 1.jpg in Resources */,
				440EF2661B0B41A5007BE102 /* 2.jpg in Resources */,
				440EF24E1B0B4125007BE102 /* LaunchScreen.xib in Resources */,
				440EF24B1B0B4125007BE102 /* Images.xcassets in Resources */,
			);
			runOnlyForDeploymentPostprocessing = 0;
		};
		440EF2511B0B4125007BE102 /* Resources */ = {
			isa = PBXResourcesBuildPhase;
			buildActionMask = 2147483647;
			files = (
			);
			runOnlyForDeploymentPostprocessing = 0;
		};
/* End PBXResourcesBuildPhase section */

/* Begin PBXSourcesBuildPhase section */
		440EF2361B0B4125007BE102 /* Sources */ = {
			isa = PBXSourcesBuildPhase;
			buildActionMask = 2147483647;
			files = (
				440EF2461B0B4125007BE102 /* ViewController.m in Sources */,
				440EF2431B0B4125007BE102 /* AppDelegate.m in Sources */,
				440EF2401B0B4125007BE102 /* main.m in Sources */,
			);
			runOnlyForDeploymentPostprocessing = 0;
		};
		440EF24F1B0B4125007BE102 /* Sources */ = {
			isa = PBXSourcesBuildPhase;
			buildActionMask = 2147483647;
			files = (
				440EF25A1B0B4125007BE102 /* PsychoLayoutTests.m in Sources */,
			);
			runOnlyForDeploymentPostprocessing = 0;
		};
/* End PBXSourcesBuildPhase section */

/* Begin PBXTargetDependency section */
		440EF2551B0B4125007BE102 /* PBXTargetDependency */ = {
			isa = PBXTargetDependency;
			target = 440EF2391B0B4125007BE102 /* PsychoLayout */;
			targetProxy = 440EF2541B0B4125007BE102 /* PBXContainerItemProxy */;
		};
/* End PBXTargetDependency section */

/* Begin PBXVariantGroup section */
		440EF2471B0B4125007BE102 /* Main.storyboard */ = {
			isa = PBXVariantGroup;
			children = (
				440EF2481B0B4125007BE102 /* Base */,
			);
			name = Main.storyboard;
			sourceTree = "<group>";
		};
		440EF24C1B0B4125007BE102 /* LaunchScreen.xib */ = {
			isa = PBXVariantGroup;
			children = (
				440EF24D1B0B4125007BE102 /* Base */,
			);
			name = LaunchScreen.xib;
			sourceTree = "<group>";
		};
/* End PBXVariantGroup section */

/* Begin XCBuildConfiguration section */
		440EF25B1B0B4125007BE102 /* Debug */ = {
			isa = XCBuildConfiguration;
			buildSettings = {
				ALWAYS_SEARCH_USER_PATHS = NO;
				CLANG_CXX_LANGUAGE_STANDARD = "gnu++0x";
				CLANG_CXX_LIBRARY = "libc++";
				CLANG_ENABLE_MODULES = YES;
				CLANG_ENABLE_OBJC_ARC = YES;
				CLANG_WARN_BOOL_CONVERSION = YES;
				CLANG_WARN_CONSTANT_CONVERSION = YES;
				CLANG_WARN_DIRECT_OBJC_ISA_USAGE = YES_ERROR;
				CLANG_WARN_EMPTY_BODY = YES;
				CLANG_WARN_ENUM_CONVERSION = YES;
				CLANG_WARN_INT_CONVERSION = YES;
				CLANG_WARN_OBJC_ROOT_CLASS = YES_ERROR;
				CLANG_WARN_UNREACHABLE_CODE = YES;
				CLANG_WARN__DUPLICATE_METHOD_MATCH = YES;
				"CODE_SIGN_IDENTITY[sdk=iphoneos*]" = "iPhone Developer";
				COPY_PHASE_STRIP = NO;
				DEBUG_INFORMATION_FORMAT = "dwarf-with-dsym";
				ENABLE_STRICT_OBJC_MSGSEND = YES;
				GCC_C_LANGUAGE_STANDARD = gnu99;
				GCC_DYNAMIC_NO_PIC = NO;
				GCC_NO_COMMON_BLOCKS = YES;
				GCC_OPTIMIZATION_LEVEL = 0;
				GCC_PREPROCESSOR_DEFINITIONS = (
					"DEBUG=1",
					"$(inherited)",
				);
				GCC_SYMBOLS_PRIVATE_EXTERN = NO;
				GCC_WARN_64_TO_32_BIT_CONVERSION = YES;
				GCC_WARN_ABOUT_RETURN_TYPE = YES_ERROR;
				GCC_WARN_UNDECLARED_SELECTOR = YES;
				GCC_WARN_UNINITIALIZED_AUTOS = YES_AGGRESSIVE;
				GCC_WARN_UNUSED_FUNCTION = YES;
				GCC_WARN_UNUSED_VARIABLE = YES;
				IPHONEOS_DEPLOYMENT_TARGET = 8.3;
				MTL_ENABLE_DEBUG_INFO = YES;
				ONLY_ACTIVE_ARCH = YES;
				SDKROOT = iphoneos;
			};
			name = Debug;
		};
		440EF25C1B0B4125007BE102 /* Release */ = {
			isa = XCBuildConfiguration;
			buildSettings = {
				ALWAYS_SEARCH_USER_PATHS = NO;
				CLANG_CXX_LANGUAGE_STANDARD = "gnu++0x";
				CLANG_CXX_LIBRARY = "libc++";
				CLANG_ENABLE_MODULES = YES;
				CLANG_ENABLE_OBJC_ARC = YES;
				CLANG_WARN_BOOL_CONVERSION = YES;
				CLANG_WARN_CONSTANT_CONVERSION = YES;
				CLANG_WARN_DIRECT_OBJC_ISA_USAGE = YES_ERROR;
				CLANG_WARN_EMPTY_BODY = YES;
				CLANG_WARN_ENUM_CONVERSION = YES;
				CLANG_WARN_INT_CONVERSION = YES;
				CLANG_WARN_OBJC_ROOT_CLASS = YES_ERROR;
				CLANG_WARN_UNREACHABLE_CODE = YES;
				CLANG_WARN__DUPLICATE_METHOD_MATCH = YES;
				"CODE_SIGN_IDENTITY[sdk=iphoneos*]" = "iPhone Developer";
				COPY_PHASE_STRIP = NO;
				DEBUG_INFORMATION_FORMAT = "dwarf-with-dsym";
				ENABLE_NS_ASSERTIONS = NO;
				ENABLE_STRICT_OBJC_MSGSEND = YES;
				GCC_C_LANGUAGE_STANDARD = gnu99;
				GCC_NO_COMMON_BLOCKS = YES;
				GCC_WARN_64_TO_32_BIT_CONVERSION = YES;
				GCC_WARN_ABOUT_RETURN_TYPE = YES_ERROR;
				GCC_WARN_UNDECLARED_SELECTOR = YES;
				GCC_WARN_UNINITIALIZED_AUTOS = YES_AGGRESSIVE;
				GCC_WARN_UNUSED_FUNCTION = YES;
				GCC_WARN_UNUSED_VARIABLE = YES;
				IPHONEOS_DEPLOYMENT_TARGET = 8.3;
				MTL_ENABLE_DEBUG_INFO = NO;
				SDKROOT = iphoneos;
				VALIDATE_PRODUCT = YES;
			};
			name = Release;
		};
		440EF25E1B0B4125007BE102 /* Debug */ = {
			isa = XCBuildConfiguration;
			buildSettings = {
				ASSETCATALOG_COMPILER_APPICON_NAME = AppIcon;
				INFOPLIST_FILE = PsychoLayout/Info.plist;
				LD_RUNPATH_SEARCH_PATHS = "$(inherited) @executable_path/Frameworks";
				PRODUCT_NAME = "$(TARGET_NAME)";
			};
			name = Debug;
		};
		440EF25F1B0B4125007BE102 /* Release */ = {
			isa = XCBuildConfiguration;
			buildSettings = {
				ASSETCATALOG_COMPILER_APPICON_NAME = AppIcon;
				INFOPLIST_FILE = PsychoLayout/Info.plist;
				LD_RUNPATH_SEARCH_PATHS = "$(inherited) @executable_path/Frameworks";
				PRODUCT_NAME = "$(TARGET_NAME)";
			};
			name = Release;
		};
		440EF2611B0B4125007BE102 /* Debug */ = {
			isa = XCBuildConfiguration;
			buildSettings = {
				BUNDLE_LOADER = "$(TEST_HOST)";
				FRAMEWORK_SEARCH_PATHS = (
					"$(SDKROOT)/Developer/Library/Frameworks",
					"$(inherited)",
				);
				GCC_PREPROCESSOR_DEFINITIONS = (
					"DEBUG=1",
					"$(inherited)",
				);
				INFOPLIST_FILE = PsychoLayoutTests/Info.plist;
				LD_RUNPATH_SEARCH_PATHS = "$(inherited) @executable_path/Frameworks @loader_path/Frameworks";
				PRODUCT_NAME = "$(TARGET_NAME)";
				TEST_HOST = "$(BUILT_PRODUCTS_DIR)/PsychoLayout.app/PsychoLayout";
			};
			name = Debug;
		};
		440EF2621B0B4125007BE102 /* Release */ = {
			isa = XCBuildConfiguration;
			buildSettings = {
				BUNDLE_LOADER = "$(TEST_HOST)";
				FRAMEWORK_SEARCH_PATHS = (
					"$(SDKROOT)/Developer/Library/Frameworks",
					"$(inherited)",
				);
				INFOPLIST_FILE = PsychoLayoutTests/Info.plist;
				LD_RUNPATH_SEARCH_PATHS = "$(inherited) @executable_path/Frameworks @loader_path/Frameworks";
				PRODUCT_NAME = "$(TARGET_NAME)";
				TEST_HOST = "$(BUILT_PRODUCTS_DIR)/PsychoLayout.app/PsychoLayout";
			};
			name = Release;
		};
/* End XCBuildConfiguration section */

/* Begin XCConfigurationList section */
		440EF2351B0B4125007BE102 /* Build configuration list for PBXProject "PsychoLayout" */ = {
			isa = XCConfigurationList;
			buildConfigurations = (
				440EF25B1B0B4125007BE102 /* Debug */,
				440EF25C1B0B4125007BE102 /* Release */,
			);
			defaultConfigurationIsVisible = 0;
			defaultConfigurationName = Release;
		};
		440EF25D1B0B4125007BE102 /* Build configuration list for PBXNativeTarget "PsychoLayout" */ = {
			isa = XCConfigurationList;
			buildConfigurations = (
				440EF25E1B0B4125007BE102 /* Debug */,
				440EF25F1B0B4125007BE102 /* Release */,
			);
			defaultConfigurationIsVisible = 0;
		};
		440EF2601B0B4125007BE102 /* Build configuration list for PBXNativeTarget "PsychoLayoutTests" */ = {
			isa = XCConfigurationList;
			buildConfigurations = (
				440EF2611B0B4125007BE102 /* Debug */,
				440EF2621B0B4125007BE102 /* Release */,
			);
			defaultConfigurationIsVisible = 0;
		};
/* End XCConfigurationList section */
	};
	rootObject = 440EF2321B0B4125007BE102 /* Project object */;
}
