// !$*UTF8*$!
{
	archiveVersion = 1;
	classes = {
	};
	objectVersion = 46;
	objects = {

/* Begin PBXBuildFile section */
		44F700801B0DEEEC00E49C14 /* main.m in Sources */ = {isa = PBXBuildFile; fileRef = 44F7007F1B0DEEEC00E49C14 /* main.m */; };
		44F700831B0DEEEC00E49C14 /* AppDelegate.m in Sources */ = {isa = PBXBuildFile; fileRef = 44F700821B0DEEEC00E49C14 /* AppDelegate.m */; };
		44F700861B0DEEEC00E49C14 /* ViewController.m in Sources */ = {isa = PBXBuildFile; fileRef = 44F700851B0DEEEC00E49C14 /* ViewController.m */; };
		44F700891B0DEEEC00E49C14 /* Main.storyboard in Resources */ = {isa = PBXBuildFile; fileRef = 44F700871B0DEEEC00E49C14 /* Main.storyboard */; };
		44F7008B1B0DEEEC00E49C14 /* Images.xcassets in Resources */ = {isa = PBXBuildFile; fileRef = 44F7008A1B0DEEEC00E49C14 /* Images.xcassets */; };
		44F7008E1B0DEEEC00E49C14 /* LaunchScreen.xib in Resources */ = {isa = PBXBuildFile; fileRef = 44F7008C1B0DEEEC00E49C14 /* LaunchScreen.xib */; };
		44F7009A1B0DEEEC00E49C14 /* touchingTestTests.m in Sources */ = {isa = PBXBuildFile; fileRef = 44F700991B0DEEEC00E49C14 /* touchingTestTests.m */; };
		44F700A51B0DEF8600E49C14 /* MyLabel.m in Sources */ = {isa = PBXBuildFile; fileRef = 44F700A41B0DEF8600E49C14 /* MyLabel.m */; };
/* End PBXBuildFile section */

/* Begin PBXContainerItemProxy section */
		44F700941B0DEEEC00E49C14 /* PBXContainerItemProxy */ = {
			isa = PBXContainerItemProxy;
			containerPortal = 44F700721B0DEEEC00E49C14 /* Project object */;
			proxyType = 1;
			remoteGlobalIDString = 44F700791B0DEEEC00E49C14;
			remoteInfo = touchingTest;
		};
/* End PBXContainerItemProxy section */

/* Begin PBXFileReference section */
		44F7007A1B0DEEEC00E49C14 /* touchingTest.app */ = {isa = PBXFileReference; explicitFileType = wrapper.application; includeInIndex = 0; path = touchingTest.app; sourceTree = BUILT_PRODUCTS_DIR; };
		44F7007E1B0DEEEC00E49C14 /* Info.plist */ = {isa = PBXFileReference; lastKnownFileType = text.plist.xml; path = Info.plist; sourceTree = "<group>"; };
		44F7007F1B0DEEEC00E49C14 /* main.m */ = {isa = PBXFileReference; lastKnownFileType = sourcecode.c.objc; path = main.m; sourceTree = "<group>"; };
		44F700811B0DEEEC00E49C14 /* AppDelegate.h */ = {isa = PBXFileReference; lastKnownFileType = sourcecode.c.h; path = AppDelegate.h; sourceTree = "<group>"; };
		44F700821B0DEEEC00E49C14 /* AppDelegate.m */ = {isa = PBXFileReference; lastKnownFileType = sourcecode.c.objc; path = AppDelegate.m; sourceTree = "<group>"; };
		44F700841B0DEEEC00E49C14 /* ViewController.h */ = {isa = PBXFileReference; lastKnownFileType = sourcecode.c.h; path = ViewController.h; sourceTree = "<group>"; };
		44F700851B0DEEEC00E49C14 /* ViewController.m */ = {isa = PBXFileReference; lastKnownFileType = sourcecode.c.objc; path = ViewController.m; sourceTree = "<group>"; };
		44F700881B0DEEEC00E49C14 /* Base */ = {isa = PBXFileReference; lastKnownFileType = file.storyboard; name = Base; path = Base.lproj/Main.storyboard; sourceTree = "<group>"; };
		44F7008A1B0DEEEC00E49C14 /* Images.xcassets */ = {isa = PBXFileReference; lastKnownFileType = folder.assetcatalog; path = Images.xcassets; sourceTree = "<group>"; };
		44F7008D1B0DEEEC00E49C14 /* Base */ = {isa = PBXFileReference; lastKnownFileType = file.xib; name = Base; path = Base.lproj/LaunchScreen.xib; sourceTree = "<group>"; };
		44F700931B0DEEEC00E49C14 /* touchingTestTests.xctest */ = {isa = PBXFileReference; explicitFileType = wrapper.cfbundle; includeInIndex = 0; path = touchingTestTests.xctest; sourceTree = BUILT_PRODUCTS_DIR; };
		44F700981B0DEEEC00E49C14 /* Info.plist */ = {isa = PBXFileReference; lastKnownFileType = text.plist.xml; path = Info.plist; sourceTree = "<group>"; };
		44F700991B0DEEEC00E49C14 /* touchingTestTests.m */ = {isa = PBXFileReference; lastKnownFileType = sourcecode.c.objc; path = touchingTestTests.m; sourceTree = "<group>"; };
		44F700A31B0DEF8600E49C14 /* MyLabel.h */ = {isa = PBXFileReference; fileEncoding = 4; lastKnownFileType = sourcecode.c.h; path = MyLabel.h; sourceTree = "<group>"; };
		44F700A41B0DEF8600E49C14 /* MyLabel.m */ = {isa = PBXFileReference; fileEncoding = 4; lastKnownFileType = sourcecode.c.objc; path = MyLabel.m; sourceTree = "<group>"; };
/* End PBXFileReference section */

/* Begin PBXFrameworksBuildPhase section */
		44F700771B0DEEEC00E49C14 /* Frameworks */ = {
			isa = PBXFrameworksBuildPhase;
			buildActionMask = 2147483647;
			files = (
			);
			runOnlyForDeploymentPostprocessing = 0;
		};
		44F700901B0DEEEC00E49C14 /* Frameworks */ = {
			isa = PBXFrameworksBuildPhase;
			buildActionMask = 2147483647;
			files = (
			);
			runOnlyForDeploymentPostprocessing = 0;
		};
/* End PBXFrameworksBuildPhase section */

/* Begin PBXGroup section */
		44F700711B0DEEEC00E49C14 = {
			isa = PBXGroup;
			children = (
				44F7007C1B0DEEEC00E49C14 /* touchingTest */,
				44F700961B0DEEEC00E49C14 /* touchingTestTests */,
				44F7007B1B0DEEEC00E49C14 /* Products */,
			);
			sourceTree = "<group>";
		};
		44F7007B1B0DEEEC00E49C14 /* Products */ = {
			isa = PBXGroup;
			children = (
				44F7007A1B0DEEEC00E49C14 /* touchingTest.app */,
				44F700931B0DEEEC00E49C14 /* touchingTestTests.xctest */,
			);
			name = Products;
			sourceTree = "<group>";
		};
		44F7007C1B0DEEEC00E49C14 /* touchingTest */ = {
			isa = PBXGroup;
			children = (
				44F700811B0DEEEC00E49C14 /* AppDelegate.h */,
				44F700821B0DEEEC00E49C14 /* AppDelegate.m */,
				44F700841B0DEEEC00E49C14 /* ViewController.h */,
				44F700851B0DEEEC00E49C14 /* ViewController.m */,
				44F700871B0DEEEC00E49C14 /* Main.storyboard */,
				44F700A31B0DEF8600E49C14 /* MyLabel.h */,
				44F700A41B0DEF8600E49C14 /* MyLabel.m */,
				44F7008A1B0DEEEC00E49C14 /* Images.xcassets */,
				44F7008C1B0DEEEC00E49C14 /* LaunchScreen.xib */,
				44F7007D1B0DEEEC00E49C14 /* Supporting Files */,
			);
			path = touchingTest;
			sourceTree = "<group>";
		};
		44F7007D1B0DEEEC00E49C14 /* Supporting Files */ = {
			isa = PBXGroup;
			children = (
				44F7007E1B0DEEEC00E49C14 /* Info.plist */,
				44F7007F1B0DEEEC00E49C14 /* main.m */,
			);
			name = "Supporting Files";
			sourceTree = "<group>";
		};
		44F700961B0DEEEC00E49C14 /* touchingTestTests */ = {
			isa = PBXGroup;
			children = (
				44F700991B0DEEEC00E49C14 /* touchingTestTests.m */,
				44F700971B0DEEEC00E49C14 /* Supporting Files */,
			);
			path = touchingTestTests;
			sourceTree = "<group>";
		};
		44F700971B0DEEEC00E49C14 /* Supporting Files */ = {
			isa = PBXGroup;
			children = (
				44F700981B0DEEEC00E49C14 /* Info.plist */,
			);
			name = "Supporting Files";
			sourceTree = "<group>";
		};
/* End PBXGroup section */

/* Begin PBXNativeTarget section */
		44F700791B0DEEEC00E49C14 /* touchingTest */ = {
			isa = PBXNativeTarget;
			buildConfigurationList = 44F7009D1B0DEEEC00E49C14 /* Build configuration list for PBXNativeTarget "touchingTest" */;
			buildPhases = (
				44F700761B0DEEEC00E49C14 /* Sources */,
				44F700771B0DEEEC00E49C14 /* Frameworks */,
				44F700781B0DEEEC00E49C14 /* Resources */,
			);
			buildRules = (
			);
			dependencies = (
			);
			name = touchingTest;
			productName = touchingTest;
			productReference = 44F7007A1B0DEEEC00E49C14 /* touchingTest.app */;
			productType = "com.apple.product-type.application";
		};
		44F700921B0DEEEC00E49C14 /* touchingTestTests */ = {
			isa = PBXNativeTarget;
			buildConfigurationList = 44F700A01B0DEEEC00E49C14 /* Build configuration list for PBXNativeTarget "touchingTestTests" */;
			buildPhases = (
				44F7008F1B0DEEEC00E49C14 /* Sources */,
				44F700901B0DEEEC00E49C14 /* Frameworks */,
				44F700911B0DEEEC00E49C14 /* Resources */,
			);
			buildRules = (
			);
			dependencies = (
				44F700951B0DEEEC00E49C14 /* PBXTargetDependency */,
			);
			name = touchingTestTests;
			productName = touchingTestTests;
			productReference = 44F700931B0DEEEC00E49C14 /* touchingTestTests.xctest */;
			productType = "com.apple.product-type.bundle.unit-test";
		};
/* End PBXNativeTarget section */

/* Begin PBXProject section */
		44F700721B0DEEEC00E49C14 /* Project object */ = {
			isa = PBXProject;
			attributes = {
				LastUpgradeCheck = 0630;
				ORGANIZATIONNAME = anand;
				TargetAttributes = {
					44F700791B0DEEEC00E49C14 = {
						CreatedOnToolsVersion = 6.3.1;
					};
					44F700921B0DEEEC00E49C14 = {
						CreatedOnToolsVersion = 6.3.1;
						TestTargetID = 44F700791B0DEEEC00E49C14;
					};
				};
			};
			buildConfigurationList = 44F700751B0DEEEC00E49C14 /* Build configuration list for PBXProject "touchingTest" */;
			compatibilityVersion = "Xcode 3.2";
			developmentRegion = English;
			hasScannedForEncodings = 0;
			knownRegions = (
				en,
				Base,
			);
			mainGroup = 44F700711B0DEEEC00E49C14;
			productRefGroup = 44F7007B1B0DEEEC00E49C14 /* Products */;
			projectDirPath = "";
			projectRoot = "";
			targets = (
				44F700791B0DEEEC00E49C14 /* touchingTest */,
				44F700921B0DEEEC00E49C14 /* touchingTestTests */,
			);
		};
/* End PBXProject section */

/* Begin PBXResourcesBuildPhase section */
		44F700781B0DEEEC00E49C14 /* Resources */ = {
			isa = PBXResourcesBuildPhase;
			buildActionMask = 2147483647;
			files = (
				44F700891B0DEEEC00E49C14 /* Main.storyboard in Resources */,
				44F7008E1B0DEEEC00E49C14 /* LaunchScreen.xib in Resources */,
				44F7008B1B0DEEEC00E49C14 /* Images.xcassets in Resources */,
			);
			runOnlyForDeploymentPostprocessing = 0;
		};
		44F700911B0DEEEC00E49C14 /* Resources */ = {
			isa = PBXResourcesBuildPhase;
			buildActionMask = 2147483647;
			files = (
			);
			runOnlyForDeploymentPostprocessing = 0;
		};
/* End PBXResourcesBuildPhase section */

/* Begin PBXSourcesBuildPhase section */
		44F700761B0DEEEC00E49C14 /* Sources */ = {
			isa = PBXSourcesBuildPhase;
			buildActionMask = 2147483647;
			files = (
				44F700861B0DEEEC00E49C14 /* ViewController.m in Sources */,
				44F700831B0DEEEC00E49C14 /* AppDelegate.m in Sources */,
				44F700A51B0DEF8600E49C14 /* MyLabel.m in Sources */,
				44F700801B0DEEEC00E49C14 /* main.m in Sources */,
			);
			runOnlyForDeploymentPostprocessing = 0;
		};
		44F7008F1B0DEEEC00E49C14 /* Sources */ = {
			isa = PBXSourcesBuildPhase;
			buildActionMask = 2147483647;
			files = (
				44F7009A1B0DEEEC00E49C14 /* touchingTestTests.m in Sources */,
			);
			runOnlyForDeploymentPostprocessing = 0;
		};
/* End PBXSourcesBuildPhase section */

/* Begin PBXTargetDependency section */
		44F700951B0DEEEC00E49C14 /* PBXTargetDependency */ = {
			isa = PBXTargetDependency;
			target = 44F700791B0DEEEC00E49C14 /* touchingTest */;
			targetProxy = 44F700941B0DEEEC00E49C14 /* PBXContainerItemProxy */;
		};
/* End PBXTargetDependency section */

/* Begin PBXVariantGroup section */
		44F700871B0DEEEC00E49C14 /* Main.storyboard */ = {
			isa = PBXVariantGroup;
			children = (
				44F700881B0DEEEC00E49C14 /* Base */,
			);
			name = Main.storyboard;
			sourceTree = "<group>";
		};
		44F7008C1B0DEEEC00E49C14 /* LaunchScreen.xib */ = {
			isa = PBXVariantGroup;
			children = (
				44F7008D1B0DEEEC00E49C14 /* Base */,
			);
			name = LaunchScreen.xib;
			sourceTree = "<group>";
		};
/* End PBXVariantGroup section */

/* Begin XCBuildConfiguration section */
		44F7009B1B0DEEEC00E49C14 /* Debug */ = {
			isa = XCBuildConfiguration;
			buildSettings = {
				ALWAYS_SEARCH_USER_PATHS = NO;
				CLANG_CXX_LANGUAGE_STANDARD = "gnu++0x";
				CLANG_CXX_LIBRARY = "libc++";
				CLANG_ENABLE_MODULES = YES;
				CLANG_ENABLE_OBJC_ARC = YES;
				CLANG_WARN_BOOL_CONVERSION = YES;
				CLANG_WARN_CONSTANT_CONVERSION = YES;
				CLANG_WARN_DIRECT_OBJC_ISA_USAGE = YES_ERROR;
				CLANG_WARN_EMPTY_BODY = YES;
				CLANG_WARN_ENUM_CONVERSION = YES;
				CLANG_WARN_INT_CONVERSION = YES;
				CLANG_WARN_OBJC_ROOT_CLASS = YES_ERROR;
				CLANG_WARN_UNREACHABLE_CODE = YES;
				CLANG_WARN__DUPLICATE_METHOD_MATCH = YES;
				"CODE_SIGN_IDENTITY[sdk=iphoneos*]" = "iPhone Developer";
				COPY_PHASE_STRIP = NO;
				DEBUG_INFORMATION_FORMAT = "dwarf-with-dsym";
				ENABLE_STRICT_OBJC_MSGSEND = YES;
				GCC_C_LANGUAGE_STANDARD = gnu99;
				GCC_DYNAMIC_NO_PIC = NO;
				GCC_NO_COMMON_BLOCKS = YES;
				GCC_OPTIMIZATION_LEVEL = 0;
				GCC_PREPROCESSOR_DEFINITIONS = (
					"DEBUG=1",
					"$(inherited)",
				);
				GCC_SYMBOLS_PRIVATE_EXTERN = NO;
				GCC_WARN_64_TO_32_BIT_CONVERSION = YES;
				GCC_WARN_ABOUT_RETURN_TYPE = YES_ERROR;
				GCC_WARN_UNDECLARED_SELECTOR = YES;
				GCC_WARN_UNINITIALIZED_AUTOS = YES_AGGRESSIVE;
				GCC_WARN_UNUSED_FUNCTION = YES;
				GCC_WARN_UNUSED_VARIABLE = YES;
				IPHONEOS_DEPLOYMENT_TARGET = 8.3;
				MTL_ENABLE_DEBUG_INFO = YES;
				ONLY_ACTIVE_ARCH = YES;
				SDKROOT = iphoneos;
			};
			name = Debug;
		};
		44F7009C1B0DEEEC00E49C14 /* Release */ = {
			isa = XCBuildConfiguration;
			buildSettings = {
				ALWAYS_SEARCH_USER_PATHS = NO;
				CLANG_CXX_LANGUAGE_STANDARD = "gnu++0x";
				CLANG_CXX_LIBRARY = "libc++";
				CLANG_ENABLE_MODULES = YES;
				CLANG_ENABLE_OBJC_ARC = YES;
				CLANG_WARN_BOOL_CONVERSION = YES;
				CLANG_WARN_CONSTANT_CONVERSION = YES;
				CLANG_WARN_DIRECT_OBJC_ISA_USAGE = YES_ERROR;
				CLANG_WARN_EMPTY_BODY = YES;
				CLANG_WARN_ENUM_CONVERSION = YES;
				CLANG_WARN_INT_CONVERSION = YES;
				CLANG_WARN_OBJC_ROOT_CLASS = YES_ERROR;
				CLANG_WARN_UNREACHABLE_CODE = YES;
				CLANG_WARN__DUPLICATE_METHOD_MATCH = YES;
				"CODE_SIGN_IDENTITY[sdk=iphoneos*]" = "iPhone Developer";
				COPY_PHASE_STRIP = NO;
				DEBUG_INFORMATION_FORMAT = "dwarf-with-dsym";
				ENABLE_NS_ASSERTIONS = NO;
				ENABLE_STRICT_OBJC_MSGSEND = YES;
				GCC_C_LANGUAGE_STANDARD = gnu99;
				GCC_NO_COMMON_BLOCKS = YES;
				GCC_WARN_64_TO_32_BIT_CONVERSION = YES;
				GCC_WARN_ABOUT_RETURN_TYPE = YES_ERROR;
				GCC_WARN_UNDECLARED_SELECTOR = YES;
				GCC_WARN_UNINITIALIZED_AUTOS = YES_AGGRESSIVE;
				GCC_WARN_UNUSED_FUNCTION = YES;
				GCC_WARN_UNUSED_VARIABLE = YES;
				IPHONEOS_DEPLOYMENT_TARGET = 8.3;
				MTL_ENABLE_DEBUG_INFO = NO;
				SDKROOT = iphoneos;
				VALIDATE_PRODUCT = YES;
			};
			name = Release;
		};
		44F7009E1B0DEEEC00E49C14 /* Debug */ = {
			isa = XCBuildConfiguration;
			buildSettings = {
				ASSETCATALOG_COMPILER_APPICON_NAME = AppIcon;
				INFOPLIST_FILE = touchingTest/Info.plist;
				LD_RUNPATH_SEARCH_PATHS = "$(inherited) @executable_path/Frameworks";
				PRODUCT_NAME = "$(TARGET_NAME)";
			};
			name = Debug;
		};
		44F7009F1B0DEEEC00E49C14 /* Release */ = {
			isa = XCBuildConfiguration;
			buildSettings = {
				ASSETCATALOG_COMPILER_APPICON_NAME = AppIcon;
				INFOPLIST_FILE = touchingTest/Info.plist;
				LD_RUNPATH_SEARCH_PATHS = "$(inherited) @executable_path/Frameworks";
				PRODUCT_NAME = "$(TARGET_NAME)";
			};
			name = Release;
		};
		44F700A11B0DEEEC00E49C14 /* Debug */ = {
			isa = XCBuildConfiguration;
			buildSettings = {
				BUNDLE_LOADER = "$(TEST_HOST)";
				FRAMEWORK_SEARCH_PATHS = (
					"$(SDKROOT)/Developer/Library/Frameworks",
					"$(inherited)",
				);
				GCC_PREPROCESSOR_DEFINITIONS = (
					"DEBUG=1",
					"$(inherited)",
				);
				INFOPLIST_FILE = touchingTestTests/Info.plist;
				LD_RUNPATH_SEARCH_PATHS = "$(inherited) @executable_path/Frameworks @loader_path/Frameworks";
				PRODUCT_NAME = "$(TARGET_NAME)";
				TEST_HOST = "$(BUILT_PRODUCTS_DIR)/touchingTest.app/touchingTest";
			};
			name = Debug;
		};
		44F700A21B0DEEEC00E49C14 /* Release */ = {
			isa = XCBuildConfiguration;
			buildSettings = {
				BUNDLE_LOADER = "$(TEST_HOST)";
				FRAMEWORK_SEARCH_PATHS = (
					"$(SDKROOT)/Developer/Library/Frameworks",
					"$(inherited)",
				);
				INFOPLIST_FILE = touchingTestTests/Info.plist;
				LD_RUNPATH_SEARCH_PATHS = "$(inherited) @executable_path/Frameworks @loader_path/Frameworks";
				PRODUCT_NAME = "$(TARGET_NAME)";
				TEST_HOST = "$(BUILT_PRODUCTS_DIR)/touchingTest.app/touchingTest";
			};
			name = Release;
		};
/* End XCBuildConfiguration section */

/* Begin XCConfigurationList section */
		44F700751B0DEEEC00E49C14 /* Build configuration list for PBXProject "touchingTest" */ = {
			isa = XCConfigurationList;
			buildConfigurations = (
				44F7009B1B0DEEEC00E49C14 /* Debug */,
				44F7009C1B0DEEEC00E49C14 /* Release */,
			);
			defaultConfigurationIsVisible = 0;
			defaultConfigurationName = Release;
		};
		44F7009D1B0DEEEC00E49C14 /* Build configuration list for PBXNativeTarget "touchingTest" */ = {
			isa = XCConfigurationList;
			buildConfigurations = (
				44F7009E1B0DEEEC00E49C14 /* Debug */,
				44F7009F1B0DEEEC00E49C14 /* Release */,
			);
			defaultConfigurationIsVisible = 0;
		};
		44F700A01B0DEEEC00E49C14 /* Build configuration list for PBXNativeTarget "touchingTestTests" */ = {
			isa = XCConfigurationList;
			buildConfigurations = (
				44F700A11B0DEEEC00E49C14 /* Debug */,
				44F700A21B0DEEEC00E49C14 /* Release */,
			);
			defaultConfigurationIsVisible = 0;
		};
/* End XCConfigurationList section */
	};
	rootObject = 44F700721B0DEEEC00E49C14 /* Project object */;
}
